
Microsoft Visual Studio Solution File, Format Version 12.00
# Visual Studio Version 16
VisualStudioVersion = 16.0.31613.86
MinimumVisualStudioVersion = 10.0.40219.1
Project("{FAE04EC0-301F-11D3-BF4B-00C04F79EFBC}") = "labTest1_hotelManagement", "labTest1_hotelManagement\labTest1_hotelManagement.csproj", "{7533D867-34C8-475B-8465-B3ABEDAC680A}"
EndProject
Global
	GlobalSection(SolutionConfigurationPlatforms) = preSolution
		Debug|Any CPU = Debug|Any CPU
		Release|Any CPU = Release|Any CPU
	EndGlobalSection
	GlobalSection(ProjectConfigurationPlatforms) = postSolution
		{7533D867-34C8-475B-8465-B3ABEDAC680A}.Debug|Any CPU.ActiveCfg = Debug|Any CPU
		{7533D867-34C8-475B-8465-B3ABEDAC680A}.Debug|Any CPU.Build.0 = Debug|Any CPU
		{7533D867-34C8-475B-8465-B3ABEDAC680A}.Release|Any CPU.ActiveCfg = Release|Any CPU
		{7533D867-34C8-475B-8465-B3ABEDAC680A}.Release|Any CPU.Build.0 = Release|Any CPU
	EndGlobalSection
	GlobalSection(SolutionProperties) = preSolution
		HideSolutionNode = FALSE
	EndGlobalSection
	GlobalSection(ExtensibilityGlobals) = postSolution
		SolutionGuid = {1433B5BB-CDFB-4700-9CE4-2651EDE97CCF}
	EndGlobalSection
EndGlobal
